{
  "version": 4,
  "terraform_version": "1.14.6",
  "serial": 40,
  "lineage": "7f4ee4fe-2f86-52e3-8c54-b46d2ba9e96e",
  "outputs": {},
  "resources": [
    {
      "mode": "managed",
      "type": "google_artifact_registry_repository",
      "name": "repo",
      "provider": "provider[\"registry.terraform.io/hashicorp/google\"]",
      "instances": [
        {
          "schema_version": 0,
          "attributes": {
            "create_time": "2026-04-11T00:44:09.596Z",
            "description": "Docker repo for Flask app",
            "docker_config": [],
            "format": "DOCKER",
            "id": "projects/flask-k8s-cicd-489601/locations/us-east1/repositories/flask-repo",
            "kms_key_name": "",
            "labels": null,
            "location": "us-east1",
            "maven_config": [],
            "mode": "STANDARD_REPOSITORY",
            "name": "flask-repo",
            "project": "flask-k8s-cicd-489601",
            "remote_repository_config": [],
            "repository_id": "flask-repo",
            "timeouts": null,
            "update_time": "2026-04-11T00:44:09.596Z",
            "virtual_repository_config": []
          },
          "sensitive_attributes": [],
          "identity_schema_version": 0,
          "private": "eyJlMmJmYjczMC1lY2FhLTExZTYtOGY4OC0zNDM2M2JjN2M0YzAiOnsiY3JlYXRlIjoxMjAwMDAwMDAwMDAwLCJkZWxldGUiOjEyMDAwMDAwMDAwMDAsInVwZGF0ZSI6MTIwMDAwMDAwMDAwMH19"
        }
      ]
    },
    {
      "mode": "managed",
      "type": "google_compute_network",
      "name": "vpc",
      "provider": "provider[\"registry.terraform.io/hashicorp/google\"]",
      "instances": [
        {
          "schema_version": 0,
          "attributes": {
            "auto_create_subnetworks": true,
            "delete_default_routes_on_create": false,
            "description": "",
            "enable_ula_internal_ipv6": false,
            "gateway_ipv4": "",
            "id": "projects/flask-k8s-cicd-489601/global/networks/flask-vpc",
            "internal_ipv6_range": "",
            "mtu": 0,
            "name": "flask-vpc",
            "network_firewall_policy_enforcement_order": "AFTER_CLASSIC_FIREWALL",
            "project": "flask-k8s-cicd-489601",
            "routing_mode": "REGIONAL",
            "self_link": "https://www.googleapis.com/compute/v1/projects/flask-k8s-cicd-489601/global/networks/flask-vpc",
            "timeouts": null
          },
          "sensitive_attributes": [],
          "identity_schema_version": 0,
          "private": "eyJlMmJmYjczMC1lY2FhLTExZTYtOGY4OC0zNDM2M2JjN2M0YzAiOnsiY3JlYXRlIjoxMjAwMDAwMDAwMDAwLCJkZWxldGUiOjEyMDAwMDAwMDAwMDAsInVwZGF0ZSI6MTIwMDAwMDAwMDAwMH19"
        }
      ]
    },
    {
      "mode": "managed",
      "type": "google_container_cluster",
      "name": "primary",
      "provider": "provider[\"registry.terraform.io/hashicorp/google\"]",
      "instances": [
        {
          "schema_version": 1,
          "attributes": {
            "addons_config": [
              {
                "cloudrun_config": [],
                "config_connector_config": [],
                "dns_cache_config": [
                  {
                    "enabled": true
                  }
                ],
                "gce_persistent_disk_csi_driver_config": [
                  {
                    "enabled": true
                  }
                ],
                "gcp_filestore_csi_driver_config": [],
                "gcs_fuse_csi_driver_config": [],
                "gke_backup_agent_config": [],
                "horizontal_pod_autoscaling": [],
                "http_load_balancing": [],
                "network_policy_config": [
                  {
                    "disabled": true
                  }
                ]
              }
            ],
            "allow_net_admin": null,
            "authenticator_groups_config": [],
            "binary_authorization": [
              {
                "enabled": false,
                "evaluation_mode": ""
              }
            ],
            "cluster_autoscaling": [
              {
                "auto_provisioning_defaults": [],
                "enabled": false,
                "resource_limits": []
              }
            ],
            "cluster_ipv4_cidr": "10.56.0.0/14",
            "confidential_nodes": [],
            "cost_management_config": [],
            "database_encryption": [
              {
                "key_name": "",
                "state": "DECRYPTED"
              }
            ],
            "datapath_provider": "",
            "default_max_pods_per_node": null,
            "default_snat_status": [
              {
                "disabled": false
              }
            ],
            "description": "",
            "dns_config": [],
            "enable_autopilot": false,
            "enable_binary_authorization": false,
            "enable_intranode_visibility": false,
            "enable_k8s_beta_apis": [],
            "enable_kubernetes_alpha": false,
            "enable_l4_ilb_subsetting": false,
            "enable_legacy_abac": false,
            "enable_shielded_nodes": true,
            "enable_tpu": false,
            "endpoint": "35.227.18.145",
            "gateway_api_config": [],
            "id": "projects/flask-k8s-cicd-489601/locations/us-east1/clusters/flask-cluster",
            "initial_node_count": 1,
            "ip_allocation_policy": [],
            "label_fingerprint": "a9dc16a7",
            "location": "us-east1",
            "logging_config": [
              {
                "enable_components": [
                  "SYSTEM_COMPONENTS",
                  "WORKLOADS"
                ]
              }
            ],
            "logging_service": "logging.googleapis.com/kubernetes",
            "maintenance_policy": [],
            "master_auth": [
              {
                "client_certificate": "",
                "client_certificate_config": [
                  {
                    "issue_client_certificate": false
                  }
                ],
                "client_key": "",
                "cluster_ca_certificate": "LS0tLS1CRUdJTiBDRVJUSUZJQ0FURS0tLS0tCk1JSUVMRENDQXBTZ0F3SUJBZ0lRZVFNOGJPbDJodTBQb0tMY3VoUHZTREFOQmdrcWhraUc5dzBCQVFzRkFEQXYKTVMwd0t3WURWUVFERXlSbE9ESTBZVEV3TXkwMlpqZzNMVFE0TnpFdFlXVmhOaTAwT1RKbFlUSmhZVE15TXpRdwpJQmNOTWpZd05ERXdNak0wTlRJMVdoZ1BNakExTmpBME1ETXdNRFExTWpWYU1DOHhMVEFyQmdOVkJBTVRKR1U0Ck1qUmhNVEF6TFRabU9EY3RORGczTVMxaFpXRTJMVFE1TW1WaE1tRmhNekl6TkRDQ0FhSXdEUVlKS29aSWh2Y04KQVFFQkJRQURnZ0dQQURDQ0FZb0NnZ0dCQU01S2dkVGNQYXlYaWZYRHRiak5GWmNTdy8vMStjY3hWUTR1U1JOTAp0ZjkxZE5BWmlsSFQvWXJiVVZYeDN3aVpCWjZKTU1tZmpMazhWbkJVc2p2WmtaeUV5aVJJUUhmOEhzWFFWVWJKCmV1Tm41aTY3WlpRdmw4SjFWK3Ntdk9xdDM1bU9xUTNIQ0NlZytYVkdqNjc4aFl2c1RLVFUrT3ZGL2xLQTg3akQKZGJ4RTZ5b2NXek1xRDgyVGJRNWdmM2lBT0FnbEI4c3BOVUZOVzEvTkhUb3Y5cHhkbzRpZkZUc0hFTnZNSXZZdAp3WGpDb2x5MFlkZ01IRkE2QXI2QW14VTExVHJKRHRtYVZGb0VTb3ZBV255aFp5a3hkUVpzeERFYkJ5TnJ5bCtUCnRyUGJCdEgwaDlEYXFVQVdPenAyNUF4WVZXVmxnL3Y2RklpUWgyd3dkbDlic3QvM1R5LzBDSlhvbCtIdk5EQVoKYlJIeGdVWXVDZW5ZU0ZCNTh0MVlncWJWbjZEcWd3emtyeGt5QjAzY1laRWpZSW9sVE5ET1JhdTZvQ3FSNmc4aQozMzNpY1FoU045RlpSMTB4ZHl2VWc4UWw1ZGpJem9wNzYveGNMOEp3ZlJMaG91NUE3WmpoOGpyL2ZyMnpPVGU5ClFhYTBRSnNRSFluT1B4YUFibkJRVmNkK0VRSURBUUFCbzBJd1FEQU9CZ05WSFE4QkFmOEVCQU1DQWdRd0R3WUQKVlIwVEFRSC9CQVV3QXdFQi96QWRCZ05WSFE0RUZnUVVLSTdGREVVTG9DUXBwdDRXRFpLbVI5clZmVW93RFFZSgpLb1pJaHZjTkFRRUxCUUFEZ2dHQkFGWCsyYmtYUkplWHVkaXZmaWVQM1pKY1MrS1JJRzdWR21xTXhadFpmUGhECllFcUt3MjJ5SHppWWdkaGVidEQ3WnRIbFNuVXhsV3I4b1FWSUdPU3hDWmhKQVhhTS9DNk5xWGRZZDlNakpYeksKWHF3WEFRcTQwYlVWVWtFS3JuMFpyWGhjRGhDd1QzQVFkWlJpZmFrcEtnYmtHSmtDTWNKY0VFd1dFMXJJUEVkaApIYm5FWldCOHpnZUFHODFYMHFreUczdGRBSlZaZktzdjdTc3NDVldyc2FjNGxmbzhxSjFuS0JHMHpManZKVm1GCmlzL3dFRWl4eFVQV0JJalA3ZGI4Zk83N2FBd3NkeWZUV0E5NUM5cWxWM0lLNGlmdEVmQVBFVG1JQUxicWx3MVAKSGorRWwzN2JjNWwyR1lvZ3FuaWU5UlV6cjNaaUdRVmljTDlVZnpKWTdMMmdsMzNUSHBUTjJmRlpuZldRN2d4QwpLVkhqOWV3dFJjUTZUN2xzNm1XTmVURGlyVmVwTkJXY0d2WVluaFF0STlBSm9pU2psZjZGaUU4ZFlyTk8zTGh6CmxoOFFuaEozRTJlOUpWblNxbnNwNFZpYmpDVGdDVzJWeWFueFhWMVUya2gvaEQ2VnhWTVM2UndldnllSkk2Q2YKMGxBQ0NxNktaM3lMNG9MMWFrekRvUT09Ci0tLS0tRU5EIENFUlRJRklDQVRFLS0tLS0K"
              }
            ],
            "master_authorized_networks_config": [],
            "master_version": "1.35.1-gke.1396002",
            "mesh_certificates": [],
            "min_master_version": null,
            "monitoring_config": [
              {
                "advanced_datapath_observability_config": [
                  {
                    "enable_metrics": false,
                    "relay_mode": ""
                  }
                ],
                "enable_components": [
                  "SYSTEM_COMPONENTS",
                  "POD",
                  "DAEMONSET",
                  "DEPLOYMENT",
                  "STATEFULSET",
                  "JOBSET",
                  "STORAGE",
                  "HPA",
                  "CADVISOR",
                  "KUBELET",
                  "DCGM"
                ],
                "managed_prometheus": [
                  {
                    "enabled": true
                  }
                ]
              }
            ],
            "monitoring_service": "monitoring.googleapis.com/kubernetes",
            "name": "flask-cluster",
            "network": "projects/flask-k8s-cicd-489601/global/networks/flask-vpc",
            "network_policy": [
              {
                "enabled": false,
                "provider": "PROVIDER_UNSPECIFIED"
              }
            ],
            "networking_mode": "ROUTES",
            "node_config": [
              {
                "advanced_machine_features": [],
                "boot_disk_kms_key": "",
                "confidential_nodes": [],
                "disk_size_gb": 100,
                "disk_type": "pd-balanced",
                "ephemeral_storage_local_ssd_config": [],
                "fast_socket": [],
                "gcfs_config": [],
                "guest_accelerator": [],
                "gvnic": [],
                "host_maintenance_policy": [],
                "image_type": "COS_CONTAINERD",
                "kubelet_config": [
                  {
                    "cpu_cfs_quota": false,
                    "cpu_cfs_quota_period": "",
                    "cpu_manager_policy": "",
                    "pod_pids_limit": 0
                  }
                ],
                "labels": {},
                "linux_node_config": [],
                "local_nvme_ssd_block_config": [],
                "local_ssd_count": 0,
                "logging_variant": "DEFAULT",
                "machine_type": "e2-medium",
                "metadata": {
                  "disable-legacy-endpoints": "true"
                },
                "min_cpu_platform": "",
                "node_group": "",
                "oauth_scopes": [
                  "https://www.googleapis.com/auth/devstorage.read_only",
                  "https://www.googleapis.com/auth/logging.write",
                  "https://www.googleapis.com/auth/monitoring",
                  "https://www.googleapis.com/auth/service.management.readonly",
                  "https://www.googleapis.com/auth/servicecontrol",
                  "https://www.googleapis.com/auth/trace.append"
                ],
                "preemptible": false,
                "reservation_affinity": [],
                "resource_labels": {
                  "goog-gke-node-pool-provisioning-model": "on-demand"
                },
                "service_account": "default",
                "shielded_instance_config": [
                  {
                    "enable_integrity_monitoring": true,
                    "enable_secure_boot": false
                  }
                ],
                "sole_tenant_config": [],
                "spot": false,
                "tags": [],
                "taint": [],
                "workload_metadata_config": []
              }
            ],
            "node_locations": [
              "us-east1-b",
              "us-east1-c",
              "us-east1-d"
            ],
            "node_pool": [
              {
                "autoscaling": [],
                "initial_node_count": 1,
                "instance_group_urls": [
                  "https://www.googleapis.com/compute/v1/projects/flask-k8s-cicd-489601/zones/us-east1-b/instanceGroupManagers/gke-flask-cluster-default-pool-4ca6546c-grp",
                  "https://www.googleapis.com/compute/v1/projects/flask-k8s-cicd-489601/zones/us-east1-c/instanceGroupManagers/gke-flask-cluster-default-pool-52ed555f-grp",
                  "https://www.googleapis.com/compute/v1/projects/flask-k8s-cicd-489601/zones/us-east1-d/instanceGroupManagers/gke-flask-cluster-default-pool-6be8cfe0-grp"
                ],
                "managed_instance_group_urls": [
                  "https://www.googleapis.com/compute/v1/projects/flask-k8s-cicd-489601/zones/us-east1-b/instanceGroups/gke-flask-cluster-default-pool-4ca6546c-grp",
                  "https://www.googleapis.com/compute/v1/projects/flask-k8s-cicd-489601/zones/us-east1-c/instanceGroups/gke-flask-cluster-default-pool-52ed555f-grp",
                  "https://www.googleapis.com/compute/v1/projects/flask-k8s-cicd-489601/zones/us-east1-d/instanceGroups/gke-flask-cluster-default-pool-6be8cfe0-grp"
                ],
                "management": [
                  {
                    "auto_repair": true,
                    "auto_upgrade": true
                  }
                ],
                "max_pods_per_node": 0,
                "name": "default-pool",
                "name_prefix": "",
                "network_config": [],
                "node_config": [
                  {
                    "advanced_machine_features": [],
                    "boot_disk_kms_key": "",
                    "confidential_nodes": [],
                    "disk_size_gb": 100,
                    "disk_type": "pd-balanced",
                    "ephemeral_storage_local_ssd_config": [],
                    "fast_socket": [],
                    "gcfs_config": [],
                    "guest_accelerator": [],
                    "gvnic": [],
                    "host_maintenance_policy": [],
                    "image_type": "COS_CONTAINERD",
                    "kubelet_config": [
                      {
                        "cpu_cfs_quota": false,
                        "cpu_cfs_quota_period": "",
                        "cpu_manager_policy": "",
                        "pod_pids_limit": 0
                      }
                    ],
                    "labels": {},
                    "linux_node_config": [],
                    "local_nvme_ssd_block_config": [],
                    "local_ssd_count": 0,
                    "logging_variant": "DEFAULT",
                    "machine_type": "e2-medium",
                    "metadata": {
                      "disable-legacy-endpoints": "true"
                    },
                    "min_cpu_platform": "",
                    "node_group": "",
                    "oauth_scopes": [
                      "https://www.googleapis.com/auth/devstorage.read_only",
                      "https://www.googleapis.com/auth/logging.write",
                      "https://www.googleapis.com/auth/monitoring",
                      "https://www.googleapis.com/auth/service.management.readonly",
                      "https://www.googleapis.com/auth/servicecontrol",
                      "https://www.googleapis.com/auth/trace.append"
                    ],
                    "preemptible": false,
                    "reservation_affinity": [],
                    "resource_labels": {
                      "goog-gke-node-pool-provisioning-model": "on-demand"
                    },
                    "service_account": "default",
                    "shielded_instance_config": [
                      {
                        "enable_integrity_monitoring": true,
                        "enable_secure_boot": false
                      }
                    ],
                    "sole_tenant_config": [],
                    "spot": false,
                    "tags": [],
                    "taint": [],
                    "workload_metadata_config": []
                  }
                ],
                "node_count": 1,
                "node_locations": [
                  "us-east1-b",
                  "us-east1-c",
                  "us-east1-d"
                ],
                "placement_policy": [],
                "upgrade_settings": [
                  {
                    "blue_green_settings": [],
                    "max_surge": 1,
                    "max_unavailable": 0,
                    "strategy": "SURGE"
                  }
                ],
                "version": "1.35.1-gke.1396002"
              }
            ],
            "node_pool_auto_config": [
              {
                "network_tags": null
              }
            ],
            "node_pool_defaults": [
              {
                "node_config_defaults": [
                  {
                    "logging_variant": "DEFAULT"
                  }
                ]
              }
            ],
            "node_version": "1.35.1-gke.1396002",
            "notification_config": [
              {
                "pubsub": [
                  {
                    "enabled": false,
                    "filter": [],
                    "topic": ""
                  }
                ]
              }
            ],
            "operation": null,
            "private_cluster_config": [
              {
                "enable_private_endpoint": false,
                "enable_private_nodes": false,
                "master_global_access_config": [
                  {
                    "enabled": false
                  }
                ],
                "master_ipv4_cidr_block": "",
                "peering_name": "",
                "private_endpoint": "10.142.0.2",
                "private_endpoint_subnetwork": "",
                "public_endpoint": "35.227.18.145"
              }
            ],
            "private_ipv6_google_access": "",
            "project": "flask-k8s-cicd-489601",
            "release_channel": [
              {
                "channel": "REGULAR"
              }
            ],
            "remove_default_node_pool": null,
            "resource_labels": null,
            "resource_usage_export_config": [],
            "security_posture_config": [
              {
                "mode": "BASIC",
                "vulnerability_mode": "VULNERABILITY_MODE_UNSPECIFIED"
              }
            ],
            "self_link": "https://container.googleapis.com/v1/projects/flask-k8s-cicd-489601/locations/us-east1/clusters/flask-cluster",
            "service_external_ips_config": [
              {
                "enabled": false
              }
            ],
            "services_ipv4_cidr": "10.59.240.0/20",
            "subnetwork": "projects/flask-k8s-cicd-489601/regions/us-east1/subnetworks/flask-vpc",
            "timeouts": null,
            "tpu_ipv4_cidr_block": "",
            "vertical_pod_autoscaling": [],
            "workload_identity_config": []
          },
          "sensitive_attributes": [
            [
              {
                "type": "get_attr",
                "value": "master_auth"
              },
              {
                "type": "index",
                "value": {
                  "value": 0,
                  "type": "number"
                }
              },
              {
                "type": "get_attr",
                "value": "client_key"
              }
            ]
          ],
          "identity_schema_version": 0,
          "private": "eyJlMmJmYjczMC1lY2FhLTExZTYtOGY4OC0zNDM2M2JjN2M0YzAiOnsiY3JlYXRlIjoyNDAwMDAwMDAwMDAwLCJkZWxldGUiOjI0MDAwMDAwMDAwMDAsInJlYWQiOjI0MDAwMDAwMDAwMDAsInVwZGF0ZSI6MzYwMDAwMDAwMDAwMH0sInNjaGVtYV92ZXJzaW9uIjoiMSJ9",
          "dependencies": [
            "google_compute_network.vpc"
          ]
        }
      ]
    }
  ],
  "check_results": null
}
