{
  "version": 4,
  "terraform_version": "1.14.6",
  "serial": 7,
  "lineage": "7f4ee4fe-2f86-52e3-8c54-b46d2ba9e96e",
  "outputs": {},
  "resources": [
    {
      "mode": "managed",
      "type": "google_container_cluster",
      "name": "primary",
      "provider": "provider[\"registry.terraform.io/hashicorp/google\"]",
      "instances": [
        {
          "schema_version": 1,
          "attributes": {
            "addons_config": [
              {
                "cloudrun_config": [],
                "config_connector_config": [],
                "dns_cache_config": [
                  {
                    "enabled": true
                  }
                ],
                "gce_persistent_disk_csi_driver_config": [
                  {
                    "enabled": true
                  }
                ],
                "gcp_filestore_csi_driver_config": [],
                "gcs_fuse_csi_driver_config": [],
                "gke_backup_agent_config": [],
                "horizontal_pod_autoscaling": [],
                "http_load_balancing": [],
                "network_policy_config": [
                  {
                    "disabled": true
                  }
                ]
              }
            ],
            "allow_net_admin": null,
            "authenticator_groups_config": [],
            "binary_authorization": [
              {
                "enabled": false,
                "evaluation_mode": ""
              }
            ],
            "cluster_autoscaling": [
              {
                "auto_provisioning_defaults": [],
                "enabled": false,
                "resource_limits": []
              }
            ],
            "cluster_ipv4_cidr": "10.56.0.0/14",
            "confidential_nodes": [],
            "cost_management_config": [],
            "database_encryption": [
              {
                "key_name": "",
                "state": "DECRYPTED"
              }
            ],
            "datapath_provider": "",
            "default_max_pods_per_node": null,
            "default_snat_status": [
              {
                "disabled": false
              }
            ],
            "description": "",
            "dns_config": [],
            "enable_autopilot": false,
            "enable_binary_authorization": false,
            "enable_intranode_visibility": false,
            "enable_k8s_beta_apis": [],
            "enable_kubernetes_alpha": false,
            "enable_l4_ilb_subsetting": false,
            "enable_legacy_abac": false,
            "enable_shielded_nodes": true,
            "enable_tpu": false,
            "endpoint": "34.24.83.23",
            "gateway_api_config": [],
            "id": "projects/flask-k8s-cicd-489601/locations/us-east1/clusters/flask-cluster",
            "initial_node_count": 1,
            "ip_allocation_policy": [],
            "label_fingerprint": "a9dc16a7",
            "location": "us-east1",
            "logging_config": [
              {
                "enable_components": [
                  "SYSTEM_COMPONENTS",
                  "WORKLOADS"
                ]
              }
            ],
            "logging_service": "logging.googleapis.com/kubernetes",
            "maintenance_policy": [],
            "master_auth": [
              {
                "client_certificate": "",
                "client_certificate_config": [
                  {
                    "issue_client_certificate": false
                  }
                ],
                "client_key": "",
                "cluster_ca_certificate": "LS0tLS1CRUdJTiBDRVJUSUZJQ0FURS0tLS0tCk1JSUVMRENDQXBTZ0F3SUJBZ0lRSWNNYkJtNzI1TzJ5Zlg2azhNZGpMakFOQmdrcWhraUc5dzBCQVFzRkFEQXYKTVMwd0t3WURWUVFERXlRNU5HRTVOV0UxWWkxaU1HVXhMVFJsT1dJdFlUTXlNaTB5WlRVd1lqWm1ZamswWlRFdwpJQmNOTWpZd016STJNREV3TlRFeVdoZ1BNakExTmpBek1UZ3dNakExTVRKYU1DOHhMVEFyQmdOVkJBTVRKRGswCllUazFZVFZpTFdJd1pURXROR1U1WWkxaE16SXlMVEpsTlRCaU5tWmlPVFJsTVRDQ0FhSXdEUVlKS29aSWh2Y04KQVFFQkJRQURnZ0dQQURDQ0FZb0NnZ0dCQUpicmVWYWxQaGVFQ3k2cHhyQW1VNy96VjFza2IvTTdheThkWG9uagowZ2t5a1o2bHdlYStMUkl1MmltQThwaE1qeVV6eU1jL3JLQ2JrdW5LVFVvUC9hVmhFZ1UwTzVZUk13Z0h5VHpECkpyWW1rTzR3dmxYY1pvcTB0enVPd1dIRjNkcmozZDJSOWorSnBzT25KWE16VVJoS1dJNG1jSlNBZVlYTko5aGYKWXFxWXN4SndlWG5jYkJQakNZcFdkb0VoWHhkL0kyQS9veEVLcFMwb2E5K085aDd3VG13eWFRc2F4VTk0TGQxbwpZa1VscElLL0xCcEhmeUJYbUgrdDE2RmlDM2kyZkFUK0d6Vi8vaEFudVRkSzVlc3c5M1VVZ0JpTWNML3RDTHlMCmN3aVFEWCtFSm9IcHIvRUlqT0lvV2tjTW1qMFFvSTZKOGFML0owdEluRVRZMkF6RklFU1hkbW9aY3drTUI5bm0KMVdkZUVPaGdjdTBwNjBYZWxIdmF3VDU3b1RNRytaamZnelFFZW5nYkNNT2E2N01hbEhESDZQaXRiVHcvaWFOLwpZalliZFRxMTZMcU9ONy9LSXhOaElUUkc1dmpVVmlFOWcyazJRcEFsUk52QzR2c3kzN2JhaUVNT1R4QmRWczI3CnArQnN6QTFSZmZsSXdwdnpiNmxiallPOHVRSURBUUFCbzBJd1FEQU9CZ05WSFE4QkFmOEVCQU1DQWdRd0R3WUQKVlIwVEFRSC9CQVV3QXdFQi96QWRCZ05WSFE0RUZnUVVJMGVod1hnN0gyS1A1Vk1SaG01bHhqakhXcjB3RFFZSgpLb1pJaHZjTkFRRUxCUUFEZ2dHQkFCUTVsUE5QTXRRUWdDMXRNYktydEFNVmtoT2hNRUYvNEVXNUJ6ZGUzSzZBCjArbGJ6K0lsZWo4U3NxSzZpcSt6VlBybHRBSUtsV0ZaQWhCYTBWUTRVbjVQMTM0MXUxbElGVE9yNDB2Vmx2WjkKQ1ZuRUtTQ1ozdG1YbEM4N05aR3Nzc2NDRlVLZFExMHdVQ1dickh4eThHY0VpRTJRcmVxNVBMb2R3K1c1Wm9tMwpPQUJuVGlXMWFVZisvbThJN08vNGM0NjgyME9FZnpJcFMySnRuZmN0RGhsYVI4bnBrN3Vxd1RkUFN6dUlLbnVqCjRRSXl2QzR2Y05TbmFub3VTMDlKWUFJcGlnZmd4UUE5alhXSXZIY1ZpczUxcEtoOUJjbHZ2SitaaXd2RkJGZXUKUlJrME5RRDlyKzI5WlpGTWRNN3lDdHE4SWVmNElNeTVmbjB0YndmaURWOERjdjRPWUZ5WG1XdEZzd2ErWmlyNwp4dlBUZnRJUmJUSnJqLzBlcDVsZlZoUmdrblhUR3FCckpwNnRTQ1RmaGFGVzNqRlZ4czdKMzNlbWhjUUNjUG0xCkdpS1pNQ3l3b3NPcHhFMEJtcHhhalR4WDVrUEQyM1RMa0I5TlJUWnJvSnlNNmQ1Yk9DbHFJdzYxUjZKVlpjTUsKN0JRZDN2M2owS05jcmRhVVdOZVVXZz09Ci0tLS0tRU5EIENFUlRJRklDQVRFLS0tLS0K"
              }
            ],
            "master_authorized_networks_config": [],
            "master_version": "1.34.4-gke.1130000",
            "mesh_certificates": [],
            "min_master_version": null,
            "monitoring_config": [
              {
                "advanced_datapath_observability_config": [
                  {
                    "enable_metrics": false,
                    "relay_mode": ""
                  }
                ],
                "enable_components": [
                  "SYSTEM_COMPONENTS",
                  "DAEMONSET",
                  "DEPLOYMENT",
                  "STATEFULSET",
                  "JOBSET",
                  "STORAGE",
                  "HPA",
                  "POD",
                  "CADVISOR",
                  "KUBELET",
                  "DCGM"
                ],
                "managed_prometheus": [
                  {
                    "enabled": true
                  }
                ]
              }
            ],
            "monitoring_service": "monitoring.googleapis.com/kubernetes",
            "name": "flask-cluster",
            "network": "projects/flask-k8s-cicd-489601/global/networks/default",
            "network_policy": [
              {
                "enabled": false,
                "provider": "PROVIDER_UNSPECIFIED"
              }
            ],
            "networking_mode": "ROUTES",
            "node_config": [
              {
                "advanced_machine_features": [],
                "boot_disk_kms_key": "",
                "confidential_nodes": [],
                "disk_size_gb": 20,
                "disk_type": "pd-standard",
                "ephemeral_storage_local_ssd_config": [],
                "fast_socket": [],
                "gcfs_config": [],
                "guest_accelerator": [],
                "gvnic": [],
                "host_maintenance_policy": [],
                "image_type": "COS_CONTAINERD",
                "kubelet_config": [
                  {
                    "cpu_cfs_quota": false,
                    "cpu_cfs_quota_period": "",
                    "cpu_manager_policy": "",
                    "pod_pids_limit": 0
                  }
                ],
                "labels": {},
                "linux_node_config": [],
                "local_nvme_ssd_block_config": [],
                "local_ssd_count": 0,
                "logging_variant": "DEFAULT",
                "machine_type": "e2-small",
                "metadata": {
                  "disable-legacy-endpoints": "true"
                },
                "min_cpu_platform": "",
                "node_group": "",
                "oauth_scopes": [
                  "https://www.googleapis.com/auth/cloud-platform"
                ],
                "preemptible": false,
                "reservation_affinity": [],
                "resource_labels": {
                  "goog-gke-node-pool-provisioning-model": "on-demand"
                },
                "service_account": "default",
                "shielded_instance_config": [
                  {
                    "enable_integrity_monitoring": true,
                    "enable_secure_boot": false
                  }
                ],
                "sole_tenant_config": [],
                "spot": false,
                "tags": null,
                "taint": [],
                "workload_metadata_config": []
              }
            ],
            "node_locations": [
              "us-east1-b",
              "us-east1-c",
              "us-east1-d"
            ],
            "node_pool": [
              {
                "autoscaling": [],
                "initial_node_count": 1,
                "instance_group_urls": [
                  "https://www.googleapis.com/compute/v1/projects/flask-k8s-cicd-489601/zones/us-east1-b/instanceGroupManagers/gke-flask-cluster-default-pool-d6689ede-grp",
                  "https://www.googleapis.com/compute/v1/projects/flask-k8s-cicd-489601/zones/us-east1-c/instanceGroupManagers/gke-flask-cluster-default-pool-0e997643-grp",
                  "https://www.googleapis.com/compute/v1/projects/flask-k8s-cicd-489601/zones/us-east1-d/instanceGroupManagers/gke-flask-cluster-default-pool-640a1b04-grp"
                ],
                "managed_instance_group_urls": [
                  "https://www.googleapis.com/compute/v1/projects/flask-k8s-cicd-489601/zones/us-east1-b/instanceGroups/gke-flask-cluster-default-pool-d6689ede-grp",
                  "https://www.googleapis.com/compute/v1/projects/flask-k8s-cicd-489601/zones/us-east1-c/instanceGroups/gke-flask-cluster-default-pool-0e997643-grp",
                  "https://www.googleapis.com/compute/v1/projects/flask-k8s-cicd-489601/zones/us-east1-d/instanceGroups/gke-flask-cluster-default-pool-640a1b04-grp"
                ],
                "management": [
                  {
                    "auto_repair": true,
                    "auto_upgrade": true
                  }
                ],
                "max_pods_per_node": 0,
                "name": "default-pool",
                "name_prefix": "",
                "network_config": [],
                "node_config": [
                  {
                    "advanced_machine_features": [],
                    "boot_disk_kms_key": "",
                    "confidential_nodes": [],
                    "disk_size_gb": 20,
                    "disk_type": "pd-standard",
                    "ephemeral_storage_local_ssd_config": [],
                    "fast_socket": [],
                    "gcfs_config": [],
                    "guest_accelerator": [],
                    "gvnic": [],
                    "host_maintenance_policy": [],
                    "image_type": "COS_CONTAINERD",
                    "kubelet_config": [
                      {
                        "cpu_cfs_quota": false,
                        "cpu_cfs_quota_period": "",
                        "cpu_manager_policy": "",
                        "pod_pids_limit": 0
                      }
                    ],
                    "labels": {},
                    "linux_node_config": [],
                    "local_nvme_ssd_block_config": [],
                    "local_ssd_count": 0,
                    "logging_variant": "DEFAULT",
                    "machine_type": "e2-small",
                    "metadata": {
                      "disable-legacy-endpoints": "true"
                    },
                    "min_cpu_platform": "",
                    "node_group": "",
                    "oauth_scopes": [
                      "https://www.googleapis.com/auth/cloud-platform"
                    ],
                    "preemptible": false,
                    "reservation_affinity": [],
                    "resource_labels": {
                      "goog-gke-node-pool-provisioning-model": "on-demand"
                    },
                    "service_account": "default",
                    "shielded_instance_config": [
                      {
                        "enable_integrity_monitoring": true,
                        "enable_secure_boot": false
                      }
                    ],
                    "sole_tenant_config": [],
                    "spot": false,
                    "tags": [],
                    "taint": [],
                    "workload_metadata_config": []
                  }
                ],
                "node_count": 1,
                "node_locations": [
                  "us-east1-b",
                  "us-east1-c",
                  "us-east1-d"
                ],
                "placement_policy": [],
                "upgrade_settings": [
                  {
                    "blue_green_settings": [],
                    "max_surge": 1,
                    "max_unavailable": 0,
                    "strategy": "SURGE"
                  }
                ],
                "version": "1.34.4-gke.1130000"
              }
            ],
            "node_pool_auto_config": [
              {
                "network_tags": null
              }
            ],
            "node_pool_defaults": [
              {
                "node_config_defaults": [
                  {
                    "logging_variant": "DEFAULT"
                  }
                ]
              }
            ],
            "node_version": "1.34.4-gke.1130000",
            "notification_config": [
              {
                "pubsub": [
                  {
                    "enabled": false,
                    "filter": [],
                    "topic": ""
                  }
                ]
              }
            ],
            "operation": null,
            "private_cluster_config": [
              {
                "enable_private_endpoint": false,
                "enable_private_nodes": false,
                "master_global_access_config": [
                  {
                    "enabled": false
                  }
                ],
                "master_ipv4_cidr_block": "",
                "peering_name": "",
                "private_endpoint": "10.142.0.10",
                "private_endpoint_subnetwork": "",
                "public_endpoint": "34.24.83.23"
              }
            ],
            "private_ipv6_google_access": "",
            "project": "flask-k8s-cicd-489601",
            "release_channel": [
              {
                "channel": "REGULAR"
              }
            ],
            "remove_default_node_pool": null,
            "resource_labels": null,
            "resource_usage_export_config": [],
            "security_posture_config": [
              {
                "mode": "BASIC",
                "vulnerability_mode": "VULNERABILITY_MODE_UNSPECIFIED"
              }
            ],
            "self_link": "https://container.googleapis.com/v1/projects/flask-k8s-cicd-489601/locations/us-east1/clusters/flask-cluster",
            "service_external_ips_config": [
              {
                "enabled": false
              }
            ],
            "services_ipv4_cidr": "10.59.240.0/20",
            "subnetwork": "projects/flask-k8s-cicd-489601/regions/us-east1/subnetworks/default",
            "timeouts": null,
            "tpu_ipv4_cidr_block": "",
            "vertical_pod_autoscaling": [],
            "workload_identity_config": []
          },
          "sensitive_attributes": [
            [
              {
                "type": "get_attr",
                "value": "master_auth"
              },
              {
                "type": "index",
                "value": {
                  "value": 0,
                  "type": "number"
                }
              },
              {
                "type": "get_attr",
                "value": "client_key"
              }
            ]
          ],
          "identity_schema_version": 0,
          "private": "eyJlMmJmYjczMC1lY2FhLTExZTYtOGY4OC0zNDM2M2JjN2M0YzAiOnsiY3JlYXRlIjoyNDAwMDAwMDAwMDAwLCJkZWxldGUiOjI0MDAwMDAwMDAwMDAsInJlYWQiOjI0MDAwMDAwMDAwMDAsInVwZGF0ZSI6MzYwMDAwMDAwMDAwMH0sInNjaGVtYV92ZXJzaW9uIjoiMSJ9"
        }
      ]
    }
  ],
  "check_results": null
}
