{
  "version": 4,
  "terraform_version": "1.14.6",
  "serial": 5,
  "lineage": "7f4ee4fe-2f86-52e3-8c54-b46d2ba9e96e",
  "outputs": {},
  "resources": [
    {
      "mode": "managed",
      "type": "google_container_cluster",
      "name": "primary",
      "provider": "provider[\"registry.terraform.io/hashicorp/google\"]",
      "instances": [
        {
          "schema_version": 1,
          "attributes": {
            "addons_config": [
              {
                "cloudrun_config": [],
                "config_connector_config": [],
                "dns_cache_config": [
                  {
                    "enabled": true
                  }
                ],
                "gce_persistent_disk_csi_driver_config": [
                  {
                    "enabled": true
                  }
                ],
                "gcp_filestore_csi_driver_config": [],
                "gcs_fuse_csi_driver_config": [],
                "gke_backup_agent_config": [],
                "horizontal_pod_autoscaling": [],
                "http_load_balancing": [],
                "network_policy_config": [
                  {
                    "disabled": true
                  }
                ]
              }
            ],
            "allow_net_admin": null,
            "authenticator_groups_config": [],
            "binary_authorization": [
              {
                "enabled": false,
                "evaluation_mode": ""
              }
            ],
            "cluster_autoscaling": [
              {
                "auto_provisioning_defaults": [],
                "enabled": false,
                "resource_limits": []
              }
            ],
            "cluster_ipv4_cidr": "10.56.0.0/14",
            "confidential_nodes": [],
            "cost_management_config": [],
            "database_encryption": [
              {
                "key_name": "",
                "state": "DECRYPTED"
              }
            ],
            "datapath_provider": "",
            "default_max_pods_per_node": null,
            "default_snat_status": [
              {
                "disabled": false
              }
            ],
            "description": "",
            "dns_config": [],
            "enable_autopilot": false,
            "enable_binary_authorization": false,
            "enable_intranode_visibility": false,
            "enable_k8s_beta_apis": [],
            "enable_kubernetes_alpha": false,
            "enable_l4_ilb_subsetting": false,
            "enable_legacy_abac": false,
            "enable_shielded_nodes": true,
            "enable_tpu": false,
            "endpoint": "35.231.77.163",
            "gateway_api_config": [],
            "id": "projects/flask-k8s-cicd-489601/locations/us-east1/clusters/flask-cluster",
            "initial_node_count": 1,
            "ip_allocation_policy": [],
            "label_fingerprint": "a9dc16a7",
            "location": "us-east1",
            "logging_config": [
              {
                "enable_components": [
                  "SYSTEM_COMPONENTS",
                  "WORKLOADS"
                ]
              }
            ],
            "logging_service": "logging.googleapis.com/kubernetes",
            "maintenance_policy": [],
            "master_auth": [
              {
                "client_certificate": "",
                "client_certificate_config": [
                  {
                    "issue_client_certificate": false
                  }
                ],
                "client_key": "",
                "cluster_ca_certificate": "LS0tLS1CRUdJTiBDRVJUSUZJQ0FURS0tLS0tCk1JSUVMRENDQXBTZ0F3SUJBZ0lRRjRhZXR2U3k1SXN5dmc4c2tvTlVtREFOQmdrcWhraUc5dzBCQVFzRkFEQXYKTVMwd0t3WURWUVFERXlRME9UWXpOMlJrWXkwM016Z3lMVFJoTm1VdE9XTTBPQzFqWmpGbFlqRTFOV0V3TlRjdwpJQmNOTWpZd016RTFNakV5TURReFdoZ1BNakExTmpBek1EY3lNakl3TkRGYU1DOHhMVEFyQmdOVkJBTVRKRFE1Ck5qTTNaR1JqTFRjek9ESXROR0UyWlMwNVl6UTRMV05tTVdWaU1UVTFZVEExTnpDQ0FhSXdEUVlKS29aSWh2Y04KQVFFQkJRQURnZ0dQQURDQ0FZb0NnZ0dCQU5KclpoM3hjUzQ4TG9jTnF3MDczdFJjYWtQdnFiRmtDcHVVeWwwRAprNU5sL0dOWnNYdFM1OWxENkw5WkhpUlJGeE5OSVE0TkpkdDFDbDJUbEhlclBYRlJPVlEvdDVHcnBVOGVuamQzCmQyOHhQL1RkSjNJbWJvTVEzcWEzaEF6aHdBNWJ2NkZQa3E2VldJWllUTEhMSTJCclZNM0ZySU9vMmJMQVBjcTEKUlhIaWk4L1JMaXZqZm9yc3RRQU5HZGMzZWcxa0ZYMzRqeWl3OE9ZWCtLeHJHbVZ4NDEzVWZUdk1NNEtzV2JIYgp2Q2VrbU94WmRJY0t2cHhRbWxBSXJDMFgwWG9hcFhWSDQ4a203dGtxbWhVQm5OR0NoZFpXMXFIQXFhYlJtRXAvCi9TZGE5UnpqWUFEakFCN2JxSlVrdExNZEkya0ZUL1hpTTlHN1FXbjc1dVlOaHNTOWFncE9TTmZYaHlCUVIzK1MKa2hLZEJHMVVtUlRKbFpyT3pqRVJib2UxbXpwRHUxN2JzL1FuRWdEajYxWVNLNmp4L1ZoWEhUYlExUkxKM0l2Zgo2YlZpejF0T2xBcjlBdlM4Uk9HMlg1c3dyVE9CUVB3MEoveTN1eEtwN1BuOUw5SmxXL0ErMGlPNFhCOStQdmJGCnZYYllqeUgrbGRWcHZCb2JLc1phVWE5NFdRSURBUUFCbzBJd1FEQU9CZ05WSFE4QkFmOEVCQU1DQWdRd0R3WUQKVlIwVEFRSC9CQVV3QXdFQi96QWRCZ05WSFE0RUZnUVVZN3A2UlYvNDk0TXJyeHZ0U0RpWVBNTkhQK0l3RFFZSgpLb1pJaHZjTkFRRUxCUUFEZ2dHQkFMbHdxTkVWTkhIUllTMHRlYWxEL0xqMVdRejRiZ1gyN2h2M3N0UzNLM0MxCllIbTQrWDhXZWlUQS91dmhhRTk2Z0ozUTZCd0pvdUFNZGZ2NVYwVER3Uk84NTR5UUhoR2FmSGFkemNmNWI4cngKd0RPSXV0ZGZjRVc0MEZ3Zkx6L0tjZGFzb1Y4Q25LOFdIb243ZTZBUmRvbG1iTG9BVGVuTHJnaklGeXMvWnBHUwp1eHY4UllXSit5djJTZXlzcGdUeTRvTTJaOUQ4VHBzZ2xYNjIveExWT2Q5YURBZERjTzNVVkZ1L0F6NHJQendnCm0wYlRDdFJBbStrdXl1a29ONmhwR0ttT1lXQmo1SXlkenlxZ01ZQlFia2MrR3NqSzBqVnJmTEhGclFQY1ZBc1QKQnE2a3ZmbjBFZVhndlNPdHQzNDJkckVkanFBam55YjBmYllhbzhOT0plSUVrcE01RHFrQ3VoRGxqcEZuSEs1NAorOEdGRVVKa3duOFZVWS9zeFFqQnBlMWFPaUV1M2N0c3ZmaWI1bSs0MlFHNFFyQ3B1cXdMc1dmS01tdXd1T3lCCmhpUTZwdDZxbStZbFpYR3Y5aDBzb0I4cVdnc3Z4NE05V1VwZnA1L3puWk80QUNGY2FUenlpUmFXTWwwSm5qMTAKdzZ5V042OEpqN0hFd0duS0NDcGhIUT09Ci0tLS0tRU5EIENFUlRJRklDQVRFLS0tLS0K"
              }
            ],
            "master_authorized_networks_config": [],
            "master_version": "1.34.4-gke.1047000",
            "mesh_certificates": [],
            "min_master_version": null,
            "monitoring_config": [
              {
                "advanced_datapath_observability_config": [
                  {
                    "enable_metrics": false,
                    "relay_mode": ""
                  }
                ],
                "enable_components": [
                  "SYSTEM_COMPONENTS",
                  "HPA",
                  "POD",
                  "DAEMONSET",
                  "DEPLOYMENT",
                  "STATEFULSET",
                  "JOBSET",
                  "STORAGE",
                  "CADVISOR",
                  "KUBELET",
                  "DCGM"
                ],
                "managed_prometheus": [
                  {
                    "enabled": true
                  }
                ]
              }
            ],
            "monitoring_service": "monitoring.googleapis.com/kubernetes",
            "name": "flask-cluster",
            "network": "projects/flask-k8s-cicd-489601/global/networks/default",
            "network_policy": [
              {
                "enabled": false,
                "provider": "PROVIDER_UNSPECIFIED"
              }
            ],
            "networking_mode": "ROUTES",
            "node_config": [
              {
                "advanced_machine_features": [],
                "boot_disk_kms_key": "",
                "confidential_nodes": [],
                "disk_size_gb": 20,
                "disk_type": "pd-standard",
                "ephemeral_storage_local_ssd_config": [],
                "fast_socket": [],
                "gcfs_config": [],
                "guest_accelerator": [],
                "gvnic": [],
                "host_maintenance_policy": [],
                "image_type": "COS_CONTAINERD",
                "kubelet_config": [
                  {
                    "cpu_cfs_quota": false,
                    "cpu_cfs_quota_period": "",
                    "cpu_manager_policy": "",
                    "pod_pids_limit": 0
                  }
                ],
                "labels": {},
                "linux_node_config": [],
                "local_nvme_ssd_block_config": [],
                "local_ssd_count": 0,
                "logging_variant": "DEFAULT",
                "machine_type": "e2-small",
                "metadata": {
                  "disable-legacy-endpoints": "true"
                },
                "min_cpu_platform": "",
                "node_group": "",
                "oauth_scopes": [
                  "https://www.googleapis.com/auth/cloud-platform"
                ],
                "preemptible": false,
                "reservation_affinity": [],
                "resource_labels": {
                  "goog-gke-node-pool-provisioning-model": "on-demand"
                },
                "service_account": "default",
                "shielded_instance_config": [
                  {
                    "enable_integrity_monitoring": true,
                    "enable_secure_boot": false
                  }
                ],
                "sole_tenant_config": [],
                "spot": false,
                "tags": null,
                "taint": [],
                "workload_metadata_config": []
              }
            ],
            "node_locations": [
              "us-east1-b",
              "us-east1-c",
              "us-east1-d"
            ],
            "node_pool": [
              {
                "autoscaling": [],
                "initial_node_count": 1,
                "instance_group_urls": [
                  "https://www.googleapis.com/compute/v1/projects/flask-k8s-cicd-489601/zones/us-east1-b/instanceGroupManagers/gke-flask-cluster-default-pool-918566d6-grp",
                  "https://www.googleapis.com/compute/v1/projects/flask-k8s-cicd-489601/zones/us-east1-d/instanceGroupManagers/gke-flask-cluster-default-pool-6dbe8dd7-grp",
                  "https://www.googleapis.com/compute/v1/projects/flask-k8s-cicd-489601/zones/us-east1-c/instanceGroupManagers/gke-flask-cluster-default-pool-24dccff9-grp"
                ],
                "managed_instance_group_urls": [
                  "https://www.googleapis.com/compute/v1/projects/flask-k8s-cicd-489601/zones/us-east1-b/instanceGroups/gke-flask-cluster-default-pool-918566d6-grp",
                  "https://www.googleapis.com/compute/v1/projects/flask-k8s-cicd-489601/zones/us-east1-d/instanceGroups/gke-flask-cluster-default-pool-6dbe8dd7-grp",
                  "https://www.googleapis.com/compute/v1/projects/flask-k8s-cicd-489601/zones/us-east1-c/instanceGroups/gke-flask-cluster-default-pool-24dccff9-grp"
                ],
                "management": [
                  {
                    "auto_repair": true,
                    "auto_upgrade": true
                  }
                ],
                "max_pods_per_node": 0,
                "name": "default-pool",
                "name_prefix": "",
                "network_config": [],
                "node_config": [
                  {
                    "advanced_machine_features": [],
                    "boot_disk_kms_key": "",
                    "confidential_nodes": [],
                    "disk_size_gb": 20,
                    "disk_type": "pd-standard",
                    "ephemeral_storage_local_ssd_config": [],
                    "fast_socket": [],
                    "gcfs_config": [],
                    "guest_accelerator": [],
                    "gvnic": [],
                    "host_maintenance_policy": [],
                    "image_type": "COS_CONTAINERD",
                    "kubelet_config": [
                      {
                        "cpu_cfs_quota": false,
                        "cpu_cfs_quota_period": "",
                        "cpu_manager_policy": "",
                        "pod_pids_limit": 0
                      }
                    ],
                    "labels": {},
                    "linux_node_config": [],
                    "local_nvme_ssd_block_config": [],
                    "local_ssd_count": 0,
                    "logging_variant": "DEFAULT",
                    "machine_type": "e2-small",
                    "metadata": {
                      "disable-legacy-endpoints": "true"
                    },
                    "min_cpu_platform": "",
                    "node_group": "",
                    "oauth_scopes": [
                      "https://www.googleapis.com/auth/cloud-platform"
                    ],
                    "preemptible": false,
                    "reservation_affinity": [],
                    "resource_labels": {
                      "goog-gke-node-pool-provisioning-model": "on-demand"
                    },
                    "service_account": "default",
                    "shielded_instance_config": [
                      {
                        "enable_integrity_monitoring": true,
                        "enable_secure_boot": false
                      }
                    ],
                    "sole_tenant_config": [],
                    "spot": false,
                    "tags": [],
                    "taint": [],
                    "workload_metadata_config": []
                  }
                ],
                "node_count": 1,
                "node_locations": [
                  "us-east1-b",
                  "us-east1-c",
                  "us-east1-d"
                ],
                "placement_policy": [],
                "upgrade_settings": [
                  {
                    "blue_green_settings": [],
                    "max_surge": 1,
                    "max_unavailable": 0,
                    "strategy": "SURGE"
                  }
                ],
                "version": "1.34.4-gke.1047000"
              }
            ],
            "node_pool_auto_config": [
              {
                "network_tags": null
              }
            ],
            "node_pool_defaults": [
              {
                "node_config_defaults": [
                  {
                    "logging_variant": "DEFAULT"
                  }
                ]
              }
            ],
            "node_version": "1.34.4-gke.1047000",
            "notification_config": [
              {
                "pubsub": [
                  {
                    "enabled": false,
                    "filter": [],
                    "topic": ""
                  }
                ]
              }
            ],
            "operation": null,
            "private_cluster_config": [
              {
                "enable_private_endpoint": false,
                "enable_private_nodes": false,
                "master_global_access_config": [
                  {
                    "enabled": false
                  }
                ],
                "master_ipv4_cidr_block": "",
                "peering_name": "",
                "private_endpoint": "10.142.0.6",
                "private_endpoint_subnetwork": "",
                "public_endpoint": "35.231.77.163"
              }
            ],
            "private_ipv6_google_access": "",
            "project": "flask-k8s-cicd-489601",
            "release_channel": [
              {
                "channel": "REGULAR"
              }
            ],
            "remove_default_node_pool": null,
            "resource_labels": null,
            "resource_usage_export_config": [],
            "security_posture_config": [
              {
                "mode": "BASIC",
                "vulnerability_mode": "VULNERABILITY_MODE_UNSPECIFIED"
              }
            ],
            "self_link": "https://container.googleapis.com/v1/projects/flask-k8s-cicd-489601/locations/us-east1/clusters/flask-cluster",
            "service_external_ips_config": [
              {
                "enabled": false
              }
            ],
            "services_ipv4_cidr": "10.59.240.0/20",
            "subnetwork": "projects/flask-k8s-cicd-489601/regions/us-east1/subnetworks/default",
            "timeouts": null,
            "tpu_ipv4_cidr_block": "",
            "vertical_pod_autoscaling": [],
            "workload_identity_config": []
          },
          "sensitive_attributes": [
            [
              {
                "type": "get_attr",
                "value": "master_auth"
              },
              {
                "type": "index",
                "value": {
                  "value": 0,
                  "type": "number"
                }
              },
              {
                "type": "get_attr",
                "value": "client_key"
              }
            ]
          ],
          "identity_schema_version": 0,
          "private": "eyJlMmJmYjczMC1lY2FhLTExZTYtOGY4OC0zNDM2M2JjN2M0YzAiOnsiY3JlYXRlIjoyNDAwMDAwMDAwMDAwLCJkZWxldGUiOjI0MDAwMDAwMDAwMDAsInJlYWQiOjI0MDAwMDAwMDAwMDAsInVwZGF0ZSI6MzYwMDAwMDAwMDAwMH0sInNjaGVtYV92ZXJzaW9uIjoiMSJ9"
        }
      ]
    }
  ],
  "check_results": null
}
